// !$*UTF8*$!
{
	archiveVersion = 1;
	classes = {
	};
	objectVersion = 50;
	objects = {

/* Begin PBXBuildFile section */
		286C87EF25A3F73C002C1D6B /* AppDelegate.swift in Sources */ = {isa = PBXBuildFile; fileRef = 286C87EE25A3F73C002C1D6B /* AppDelegate.swift */; };
		286C87F625A3F73C002C1D6B /* Main.storyboard in Resources */ = {isa = PBXBuildFile; fileRef = 286C87F425A3F73C002C1D6B /* Main.storyboard */; };
		286C87F825A3F73F002C1D6B /* Assets.xcassets in Resources */ = {isa = PBXBuildFile; fileRef = 286C87F725A3F73F002C1D6B /* Assets.xcassets */; };
		286C87FB25A3F73F002C1D6B /* LaunchScreen.storyboard in Resources */ = {isa = PBXBuildFile; fileRef = 286C87F925A3F73F002C1D6B /* LaunchScreen.storyboard */; };
		286C880625A3F73F002C1D6B /* BeeKitTests.swift in Sources */ = {isa = PBXBuildFile; fileRef = 286C880525A3F73F002C1D6B /* BeeKitTests.swift */; };
		286C881125A3F73F002C1D6B /* BeeKitUITests.swift in Sources */ = {isa = PBXBuildFile; fileRef = 286C881025A3F73F002C1D6B /* BeeKitUITests.swift */; };
		286C882825A3F9C5002C1D6B /* BeeNavigationController.swift in Sources */ = {isa = PBXBuildFile; fileRef = 286C882725A3F9C5002C1D6B /* BeeNavigationController.swift */; };
		286C882D25A3F9E8002C1D6B /* BeeTabBarController.swift in Sources */ = {isa = PBXBuildFile; fileRef = 286C882C25A3F9E8002C1D6B /* BeeTabBarController.swift */; };
		286C883225A3FE7D002C1D6B /* BeeViewController.swift in Sources */ = {isa = PBXBuildFile; fileRef = 286C883125A3FE7D002C1D6B /* BeeViewController.swift */; };
		286C883725A3FE98002C1D6B /* SongListViewController.swift in Sources */ = {isa = PBXBuildFile; fileRef = 286C883625A3FE98002C1D6B /* SongListViewController.swift */; };
		286C883C25A3FEDC002C1D6B /* PlayerViewController.swift in Sources */ = {isa = PBXBuildFile; fileRef = 286C883B25A3FEDC002C1D6B /* PlayerViewController.swift */; };
		286C884725A406DB002C1D6B /* UIImage+Extension.swift in Sources */ = {isa = PBXBuildFile; fileRef = 286C884625A406DB002C1D6B /* UIImage+Extension.swift */; };
		286C884C25A40D54002C1D6B /* UIColor+Extension.swift in Sources */ = {isa = PBXBuildFile; fileRef = 286C884B25A40D54002C1D6B /* UIColor+Extension.swift */; };
		286C885125A40E99002C1D6B /* BeeTableView.swift in Sources */ = {isa = PBXBuildFile; fileRef = 286C885025A40E99002C1D6B /* BeeTableView.swift */; };
		286C885625A40EBE002C1D6B /* BeeTableViewCell.swift in Sources */ = {isa = PBXBuildFile; fileRef = 286C885525A40EBE002C1D6B /* BeeTableViewCell.swift */; };
		286C886725A40EDE002C1D6B /* SongTableViewCell.swift in Sources */ = {isa = PBXBuildFile; fileRef = 286C886525A40EDE002C1D6B /* SongTableViewCell.swift */; };
		286C886825A40EDE002C1D6B /* SongTableViewCell.xib in Resources */ = {isa = PBXBuildFile; fileRef = 286C886625A40EDE002C1D6B /* SongTableViewCell.xib */; };
		286C888A25A43C51002C1D6B /* NowPlayableError.swift in Sources */ = {isa = PBXBuildFile; fileRef = 286C888725A43C50002C1D6B /* NowPlayableError.swift */; };
		286C888B25A43C51002C1D6B /* NowPlayableCommand.swift in Sources */ = {isa = PBXBuildFile; fileRef = 286C888825A43C51002C1D6B /* NowPlayableCommand.swift */; };
		286C888C25A43C51002C1D6B /* NowPlayableMetadata.swift in Sources */ = {isa = PBXBuildFile; fileRef = 286C888925A43C51002C1D6B /* NowPlayableMetadata.swift */; };
		286C889125A43C5C002C1D6B /* AssetPlayer.swift in Sources */ = {isa = PBXBuildFile; fileRef = 286C889025A43C5C002C1D6B /* AssetPlayer.swift */; };
		286C889825A43CC7002C1D6B /* SongModel.swift in Sources */ = {isa = PBXBuildFile; fileRef = 286C889725A43CC7002C1D6B /* SongModel.swift */; };
		286C88AF25A441FC002C1D6B /* RxCocoa.framework in Frameworks */ = {isa = PBXBuildFile; fileRef = 286C88A025A441FB002C1D6B /* RxCocoa.framework */; };
		286C88B025A441FC002C1D6B /* RxCocoa.framework in Embed Frameworks */ = {isa = PBXBuildFile; fileRef = 286C88A025A441FB002C1D6B /* RxCocoa.framework */; settings = {ATTRIBUTES = (CodeSignOnCopy, RemoveHeadersOnCopy, ); }; };
		286C88B125A441FC002C1D6B /* ObjectMapper.framework in Frameworks */ = {isa = PBXBuildFile; fileRef = 286C88A125A441FB002C1D6B /* ObjectMapper.framework */; };
		286C88B225A441FC002C1D6B /* ObjectMapper.framework in Embed Frameworks */ = {isa = PBXBuildFile; fileRef = 286C88A125A441FB002C1D6B /* ObjectMapper.framework */; settings = {ATTRIBUTES = (CodeSignOnCopy, RemoveHeadersOnCopy, ); }; };
		286C88B325A441FC002C1D6B /* RxBlocking.framework in Frameworks */ = {isa = PBXBuildFile; fileRef = 286C88A225A441FB002C1D6B /* RxBlocking.framework */; };
		286C88B425A441FC002C1D6B /* RxBlocking.framework in Embed Frameworks */ = {isa = PBXBuildFile; fileRef = 286C88A225A441FB002C1D6B /* RxBlocking.framework */; settings = {ATTRIBUTES = (CodeSignOnCopy, RemoveHeadersOnCopy, ); }; };
		286C88B525A441FC002C1D6B /* Reusable.framework in Frameworks */ = {isa = PBXBuildFile; fileRef = 286C88A325A441FB002C1D6B /* Reusable.framework */; };
		286C88B625A441FC002C1D6B /* Reusable.framework in Embed Frameworks */ = {isa = PBXBuildFile; fileRef = 286C88A325A441FB002C1D6B /* Reusable.framework */; settings = {ATTRIBUTES = (CodeSignOnCopy, RemoveHeadersOnCopy, ); }; };
		286C88B725A441FC002C1D6B /* RxMoya.framework in Frameworks */ = {isa = PBXBuildFile; fileRef = 286C88A425A441FB002C1D6B /* RxMoya.framework */; };
		286C88B825A441FC002C1D6B /* RxMoya.framework in Embed Frameworks */ = {isa = PBXBuildFile; fileRef = 286C88A425A441FB002C1D6B /* RxMoya.framework */; settings = {ATTRIBUTES = (CodeSignOnCopy, RemoveHeadersOnCopy, ); }; };
		286C88B925A441FC002C1D6B /* SnapKit.framework in Frameworks */ = {isa = PBXBuildFile; fileRef = 286C88A525A441FB002C1D6B /* SnapKit.framework */; };
		286C88BA25A441FC002C1D6B /* SnapKit.framework in Embed Frameworks */ = {isa = PBXBuildFile; fileRef = 286C88A525A441FB002C1D6B /* SnapKit.framework */; settings = {ATTRIBUTES = (CodeSignOnCopy, RemoveHeadersOnCopy, ); }; };
		286C88BB25A441FC002C1D6B /* Alamofire.framework in Frameworks */ = {isa = PBXBuildFile; fileRef = 286C88A625A441FB002C1D6B /* Alamofire.framework */; };
		286C88BC25A441FC002C1D6B /* Alamofire.framework in Embed Frameworks */ = {isa = PBXBuildFile; fileRef = 286C88A625A441FB002C1D6B /* Alamofire.framework */; settings = {ATTRIBUTES = (CodeSignOnCopy, RemoveHeadersOnCopy, ); }; };
		286C88BD25A441FC002C1D6B /* ReactiveSwift.framework in Frameworks */ = {isa = PBXBuildFile; fileRef = 286C88A725A441FB002C1D6B /* ReactiveSwift.framework */; };
		286C88BE25A441FC002C1D6B /* ReactiveSwift.framework in Embed Frameworks */ = {isa = PBXBuildFile; fileRef = 286C88A725A441FB002C1D6B /* ReactiveSwift.framework */; settings = {ATTRIBUTES = (CodeSignOnCopy, RemoveHeadersOnCopy, ); }; };
		286C88BF25A441FC002C1D6B /* Kingfisher.framework in Frameworks */ = {isa = PBXBuildFile; fileRef = 286C88A825A441FB002C1D6B /* Kingfisher.framework */; };
		286C88C025A441FC002C1D6B /* Kingfisher.framework in Embed Frameworks */ = {isa = PBXBuildFile; fileRef = 286C88A825A441FB002C1D6B /* Kingfisher.framework */; settings = {ATTRIBUTES = (CodeSignOnCopy, RemoveHeadersOnCopy, ); }; };
		286C88C125A441FC002C1D6B /* Moya.framework in Frameworks */ = {isa = PBXBuildFile; fileRef = 286C88A925A441FB002C1D6B /* Moya.framework */; };
		286C88C225A441FC002C1D6B /* Moya.framework in Embed Frameworks */ = {isa = PBXBuildFile; fileRef = 286C88A925A441FB002C1D6B /* Moya.framework */; settings = {ATTRIBUTES = (CodeSignOnCopy, RemoveHeadersOnCopy, ); }; };
		286C88C325A441FC002C1D6B /* ReactiveMoya.framework in Frameworks */ = {isa = PBXBuildFile; fileRef = 286C88AA25A441FB002C1D6B /* ReactiveMoya.framework */; };
		286C88C425A441FC002C1D6B /* ReactiveMoya.framework in Embed Frameworks */ = {isa = PBXBuildFile; fileRef = 286C88AA25A441FB002C1D6B /* ReactiveMoya.framework */; settings = {ATTRIBUTES = (CodeSignOnCopy, RemoveHeadersOnCopy, ); }; };
		286C88C525A441FC002C1D6B /* RxDataSources.framework in Frameworks */ = {isa = PBXBuildFile; fileRef = 286C88AB25A441FB002C1D6B /* RxDataSources.framework */; };
		286C88C625A441FC002C1D6B /* RxDataSources.framework in Embed Frameworks */ = {isa = PBXBuildFile; fileRef = 286C88AB25A441FB002C1D6B /* RxDataSources.framework */; settings = {ATTRIBUTES = (CodeSignOnCopy, RemoveHeadersOnCopy, ); }; };
		286C88C725A441FC002C1D6B /* RxRelay.framework in Frameworks */ = {isa = PBXBuildFile; fileRef = 286C88AC25A441FC002C1D6B /* RxRelay.framework */; };
		286C88C825A441FC002C1D6B /* RxRelay.framework in Embed Frameworks */ = {isa = PBXBuildFile; fileRef = 286C88AC25A441FC002C1D6B /* RxRelay.framework */; settings = {ATTRIBUTES = (CodeSignOnCopy, RemoveHeadersOnCopy, ); }; };
		286C88C925A441FC002C1D6B /* Differentiator.framework in Frameworks */ = {isa = PBXBuildFile; fileRef = 286C88AD25A441FC002C1D6B /* Differentiator.framework */; };
		286C88CA25A441FC002C1D6B /* Differentiator.framework in Embed Frameworks */ = {isa = PBXBuildFile; fileRef = 286C88AD25A441FC002C1D6B /* Differentiator.framework */; settings = {ATTRIBUTES = (CodeSignOnCopy, RemoveHeadersOnCopy, ); }; };
		286C88CB25A441FC002C1D6B /* RxSwift.framework in Frameworks */ = {isa = PBXBuildFile; fileRef = 286C88AE25A441FC002C1D6B /* RxSwift.framework */; };
		286C88CC25A441FC002C1D6B /* RxSwift.framework in Embed Frameworks */ = {isa = PBXBuildFile; fileRef = 286C88AE25A441FC002C1D6B /* RxSwift.framework */; settings = {ATTRIBUTES = (CodeSignOnCopy, RemoveHeadersOnCopy, ); }; };
		286C88D525A4512C002C1D6B /* list.json in Resources */ = {isa = PBXBuildFile; fileRef = 286C88D425A4512C002C1D6B /* list.json */; };
/* End PBXBuildFile section */

/* Begin PBXContainerItemProxy section */
		286C880225A3F73F002C1D6B /* PBXContainerItemProxy */ = {
			isa = PBXContainerItemProxy;
			containerPortal = 286C87E325A3F73C002C1D6B /* Project object */;
			proxyType = 1;
			remoteGlobalIDString = 286C87EA25A3F73C002C1D6B;
			remoteInfo = BeeKit;
		};
		286C880D25A3F73F002C1D6B /* PBXContainerItemProxy */ = {
			isa = PBXContainerItemProxy;
			containerPortal = 286C87E325A3F73C002C1D6B /* Project object */;
			proxyType = 1;
			remoteGlobalIDString = 286C87EA25A3F73C002C1D6B;
			remoteInfo = BeeKit;
		};
/* End PBXContainerItemProxy section */

/* Begin PBXCopyFilesBuildPhase section */
		286C88CD25A441FD002C1D6B /* Embed Frameworks */ = {
			isa = PBXCopyFilesBuildPhase;
			buildActionMask = 2147483647;
			dstPath = "";
			dstSubfolderSpec = 10;
			files = (
				286C88CA25A441FC002C1D6B /* Differentiator.framework in Embed Frameworks */,
				286C88B825A441FC002C1D6B /* RxMoya.framework in Embed Frameworks */,
				286C88B225A441FC002C1D6B /* ObjectMapper.framework in Embed Frameworks */,
				286C88B625A441FC002C1D6B /* Reusable.framework in Embed Frameworks */,
				286C88C825A441FC002C1D6B /* RxRelay.framework in Embed Frameworks */,
				286C88CC25A441FC002C1D6B /* RxSwift.framework in Embed Frameworks */,
				286C88C625A441FC002C1D6B /* RxDataSources.framework in Embed Frameworks */,
				286C88BE25A441FC002C1D6B /* ReactiveSwift.framework in Embed Frameworks */,
				286C88C425A441FC002C1D6B /* ReactiveMoya.framework in Embed Frameworks */,
				286C88C025A441FC002C1D6B /* Kingfisher.framework in Embed Frameworks */,
				286C88BA25A441FC002C1D6B /* SnapKit.framework in Embed Frameworks */,
				286C88C225A441FC002C1D6B /* Moya.framework in Embed Frameworks */,
				286C88BC25A441FC002C1D6B /* Alamofire.framework in Embed Frameworks */,
				286C88B025A441FC002C1D6B /* RxCocoa.framework in Embed Frameworks */,
				286C88B425A441FC002C1D6B /* RxBlocking.framework in Embed Frameworks */,
			);
			name = "Embed Frameworks";
			runOnlyForDeploymentPostprocessing = 0;
		};
/* End PBXCopyFilesBuildPhase section */

/* Begin PBXFileReference section */
		286C87EB25A3F73C002C1D6B /* BeeKit.app */ = {isa = PBXFileReference; explicitFileType = wrapper.application; includeInIndex = 0; path = BeeKit.app; sourceTree = BUILT_PRODUCTS_DIR; };
		286C87EE25A3F73C002C1D6B /* AppDelegate.swift */ = {isa = PBXFileReference; lastKnownFileType = sourcecode.swift; path = AppDelegate.swift; sourceTree = "<group>"; };
		286C87F525A3F73C002C1D6B /* Base */ = {isa = PBXFileReference; lastKnownFileType = file.storyboard; name = Base; path = Base.lproj/Main.storyboard; sourceTree = "<group>"; };
		286C87F725A3F73F002C1D6B /* Assets.xcassets */ = {isa = PBXFileReference; lastKnownFileType = folder.assetcatalog; path = Assets.xcassets; sourceTree = "<group>"; };
		286C87FA25A3F73F002C1D6B /* Base */ = {isa = PBXFileReference; lastKnownFileType = file.storyboard; name = Base; path = Base.lproj/LaunchScreen.storyboard; sourceTree = "<group>"; };
		286C87FC25A3F73F002C1D6B /* Info.plist */ = {isa = PBXFileReference; lastKnownFileType = text.plist.xml; path = Info.plist; sourceTree = "<group>"; };
		286C880125A3F73F002C1D6B /* BeeKitTests.xctest */ = {isa = PBXFileReference; explicitFileType = wrapper.cfbundle; includeInIndex = 0; path = BeeKitTests.xctest; sourceTree = BUILT_PRODUCTS_DIR; };
		286C880525A3F73F002C1D6B /* BeeKitTests.swift */ = {isa = PBXFileReference; lastKnownFileType = sourcecode.swift; path = BeeKitTests.swift; sourceTree = "<group>"; };
		286C880725A3F73F002C1D6B /* Info.plist */ = {isa = PBXFileReference; lastKnownFileType = text.plist.xml; path = Info.plist; sourceTree = "<group>"; };
		286C880C25A3F73F002C1D6B /* BeeKitUITests.xctest */ = {isa = PBXFileReference; explicitFileType = wrapper.cfbundle; includeInIndex = 0; path = BeeKitUITests.xctest; sourceTree = BUILT_PRODUCTS_DIR; };
		286C881025A3F73F002C1D6B /* BeeKitUITests.swift */ = {isa = PBXFileReference; lastKnownFileType = sourcecode.swift; path = BeeKitUITests.swift; sourceTree = "<group>"; };
		286C881225A3F73F002C1D6B /* Info.plist */ = {isa = PBXFileReference; lastKnownFileType = text.plist.xml; path = Info.plist; sourceTree = "<group>"; };
		286C882725A3F9C5002C1D6B /* BeeNavigationController.swift */ = {isa = PBXFileReference; lastKnownFileType = sourcecode.swift; path = BeeNavigationController.swift; sourceTree = "<group>"; };
		286C882C25A3F9E8002C1D6B /* BeeTabBarController.swift */ = {isa = PBXFileReference; lastKnownFileType = sourcecode.swift; path = BeeTabBarController.swift; sourceTree = "<group>"; };
		286C883125A3FE7D002C1D6B /* BeeViewController.swift */ = {isa = PBXFileReference; lastKnownFileType = sourcecode.swift; path = BeeViewController.swift; sourceTree = "<group>"; };
		286C883625A3FE98002C1D6B /* SongListViewController.swift */ = {isa = PBXFileReference; lastKnownFileType = sourcecode.swift; path = SongListViewController.swift; sourceTree = "<group>"; };
		286C883B25A3FEDC002C1D6B /* PlayerViewController.swift */ = {isa = PBXFileReference; lastKnownFileType = sourcecode.swift; path = PlayerViewController.swift; sourceTree = "<group>"; };
		286C884625A406DB002C1D6B /* UIImage+Extension.swift */ = {isa = PBXFileReference; lastKnownFileType = sourcecode.swift; path = "UIImage+Extension.swift"; sourceTree = "<group>"; };
		286C884B25A40D54002C1D6B /* UIColor+Extension.swift */ = {isa = PBXFileReference; lastKnownFileType = sourcecode.swift; path = "UIColor+Extension.swift"; sourceTree = "<group>"; };
		286C885025A40E99002C1D6B /* BeeTableView.swift */ = {isa = PBXFileReference; lastKnownFileType = sourcecode.swift; path = BeeTableView.swift; sourceTree = "<group>"; };
		286C885525A40EBE002C1D6B /* BeeTableViewCell.swift */ = {isa = PBXFileReference; lastKnownFileType = sourcecode.swift; path = BeeTableViewCell.swift; sourceTree = "<group>"; };
		286C886525A40EDE002C1D6B /* SongTableViewCell.swift */ = {isa = PBXFileReference; lastKnownFileType = sourcecode.swift; path = SongTableViewCell.swift; sourceTree = "<group>"; };
		286C886625A40EDE002C1D6B /* SongTableViewCell.xib */ = {isa = PBXFileReference; lastKnownFileType = file.xib; path = SongTableViewCell.xib; sourceTree = "<group>"; };
		286C887F25A438E2002C1D6B /* zh-Hans */ = {isa = PBXFileReference; lastKnownFileType = text.plist.strings; name = "zh-Hans"; path = "zh-Hans.lproj/Main.strings"; sourceTree = "<group>"; };
		286C888325A438E2002C1D6B /* zh-Hans */ = {isa = PBXFileReference; lastKnownFileType = text.plist.strings; name = "zh-Hans"; path = "zh-Hans.lproj/LaunchScreen.strings"; sourceTree = "<group>"; };
		286C888725A43C50002C1D6B /* NowPlayableError.swift */ = {isa = PBXFileReference; fileEncoding = 4; lastKnownFileType = sourcecode.swift; path = NowPlayableError.swift; sourceTree = "<group>"; };
		286C888825A43C51002C1D6B /* NowPlayableCommand.swift */ = {isa = PBXFileReference; fileEncoding = 4; lastKnownFileType = sourcecode.swift; path = NowPlayableCommand.swift; sourceTree = "<group>"; };
		286C888925A43C51002C1D6B /* NowPlayableMetadata.swift */ = {isa = PBXFileReference; fileEncoding = 4; lastKnownFileType = sourcecode.swift; path = NowPlayableMetadata.swift; sourceTree = "<group>"; };
		286C889025A43C5C002C1D6B /* AssetPlayer.swift */ = {isa = PBXFileReference; fileEncoding = 4; lastKnownFileType = sourcecode.swift; path = AssetPlayer.swift; sourceTree = "<group>"; };
		286C889725A43CC7002C1D6B /* SongModel.swift */ = {isa = PBXFileReference; lastKnownFileType = sourcecode.swift; path = SongModel.swift; sourceTree = "<group>"; };
		286C88A025A441FB002C1D6B /* RxCocoa.framework */ = {isa = PBXFileReference; lastKnownFileType = wrapper.framework; name = RxCocoa.framework; path = Carthage/Build/iOS/RxCocoa.framework; sourceTree = "<group>"; };
		286C88A125A441FB002C1D6B /* ObjectMapper.framework */ = {isa = PBXFileReference; lastKnownFileType = wrapper.framework; name = ObjectMapper.framework; path = Carthage/Build/iOS/ObjectMapper.framework; sourceTree = "<group>"; };
		286C88A225A441FB002C1D6B /* RxBlocking.framework */ = {isa = PBXFileReference; lastKnownFileType = wrapper.framework; name = RxBlocking.framework; path = Carthage/Build/iOS/RxBlocking.framework; sourceTree = "<group>"; };
		286C88A325A441FB002C1D6B /* Reusable.framework */ = {isa = PBXFileReference; lastKnownFileType = wrapper.framework; name = Reusable.framework; path = Carthage/Build/iOS/Reusable.framework; sourceTree = "<group>"; };
		286C88A425A441FB002C1D6B /* RxMoya.framework */ = {isa = PBXFileReference; lastKnownFileType = wrapper.framework; name = RxMoya.framework; path = Carthage/Build/iOS/RxMoya.framework; sourceTree = "<group>"; };
		286C88A525A441FB002C1D6B /* SnapKit.framework */ = {isa = PBXFileReference; lastKnownFileType = wrapper.framework; name = SnapKit.framework; path = Carthage/Build/iOS/SnapKit.framework; sourceTree = "<group>"; };
		286C88A625A441FB002C1D6B /* Alamofire.framework */ = {isa = PBXFileReference; lastKnownFileType = wrapper.framework; name = Alamofire.framework; path = Carthage/Build/iOS/Alamofire.framework; sourceTree = "<group>"; };
		286C88A725A441FB002C1D6B /* ReactiveSwift.framework */ = {isa = PBXFileReference; lastKnownFileType = wrapper.framework; name = ReactiveSwift.framework; path = Carthage/Build/iOS/ReactiveSwift.framework; sourceTree = "<group>"; };
		286C88A825A441FB002C1D6B /* Kingfisher.framework */ = {isa = PBXFileReference; lastKnownFileType = wrapper.framework; name = Kingfisher.framework; path = Carthage/Build/iOS/Kingfisher.framework; sourceTree = "<group>"; };
		286C88A925A441FB002C1D6B /* Moya.framework */ = {isa = PBXFileReference; lastKnownFileType = wrapper.framework; name = Moya.framework; path = Carthage/Build/iOS/Moya.framework; sourceTree = "<group>"; };
		286C88AA25A441FB002C1D6B /* ReactiveMoya.framework */ = {isa = PBXFileReference; lastKnownFileType = wrapper.framework; name = ReactiveMoya.framework; path = Carthage/Build/iOS/ReactiveMoya.framework; sourceTree = "<group>"; };
		286C88AB25A441FB002C1D6B /* RxDataSources.framework */ = {isa = PBXFileReference; lastKnownFileType = wrapper.framework; name = RxDataSources.framework; path = Carthage/Build/iOS/RxDataSources.framework; sourceTree = "<group>"; };
		286C88AC25A441FC002C1D6B /* RxRelay.framework */ = {isa = PBXFileReference; lastKnownFileType = wrapper.framework; name = RxRelay.framework; path = Carthage/Build/iOS/RxRelay.framework; sourceTree = "<group>"; };
		286C88AD25A441FC002C1D6B /* Differentiator.framework */ = {isa = PBXFileReference; lastKnownFileType = wrapper.framework; name = Differentiator.framework; path = Carthage/Build/iOS/Differentiator.framework; sourceTree = "<group>"; };
		286C88AE25A441FC002C1D6B /* RxSwift.framework */ = {isa = PBXFileReference; lastKnownFileType = wrapper.framework; name = RxSwift.framework; path = Carthage/Build/iOS/RxSwift.framework; sourceTree = "<group>"; };
		286C88D425A4512C002C1D6B /* list.json */ = {isa = PBXFileReference; lastKnownFileType = text.json; path = list.json; sourceTree = "<group>"; };
/* End PBXFileReference section */

/* Begin PBXFrameworksBuildPhase section */
		286C87E825A3F73C002C1D6B /* Frameworks */ = {
			isa = PBXFrameworksBuildPhase;
			buildActionMask = 2147483647;
			files = (
				286C88C925A441FC002C1D6B /* Differentiator.framework in Frameworks */,
				286C88B725A441FC002C1D6B /* RxMoya.framework in Frameworks */,
				286C88B125A441FC002C1D6B /* ObjectMapper.framework in Frameworks */,
				286C88B525A441FC002C1D6B /* Reusable.framework in Frameworks */,
				286C88C725A441FC002C1D6B /* RxRelay.framework in Frameworks */,
				286C88CB25A441FC002C1D6B /* RxSwift.framework in Frameworks */,
				286C88C525A441FC002C1D6B /* RxDataSources.framework in Frameworks */,
				286C88BD25A441FC002C1D6B /* ReactiveSwift.framework in Frameworks */,
				286C88C325A441FC002C1D6B /* ReactiveMoya.framework in Frameworks */,
				286C88BF25A441FC002C1D6B /* Kingfisher.framework in Frameworks */,
				286C88B925A441FC002C1D6B /* SnapKit.framework in Frameworks */,
				286C88C125A441FC002C1D6B /* Moya.framework in Frameworks */,
				286C88BB25A441FC002C1D6B /* Alamofire.framework in Frameworks */,
				286C88AF25A441FC002C1D6B /* RxCocoa.framework in Frameworks */,
				286C88B325A441FC002C1D6B /* RxBlocking.framework in Frameworks */,
			);
			runOnlyForDeploymentPostprocessing = 0;
		};
		286C87FE25A3F73F002C1D6B /* Frameworks */ = {
			isa = PBXFrameworksBuildPhase;
			buildActionMask = 2147483647;
			files = (
			);
			runOnlyForDeploymentPostprocessing = 0;
		};
		286C880925A3F73F002C1D6B /* Frameworks */ = {
			isa = PBXFrameworksBuildPhase;
			buildActionMask = 2147483647;
			files = (
			);
			runOnlyForDeploymentPostprocessing = 0;
		};
/* End PBXFrameworksBuildPhase section */

/* Begin PBXGroup section */
		286C87E225A3F73C002C1D6B = {
			isa = PBXGroup;
			children = (
				286C87ED25A3F73C002C1D6B /* BeeKit */,
				286C880425A3F73F002C1D6B /* BeeKitTests */,
				286C880F25A3F73F002C1D6B /* BeeKitUITests */,
				286C87EC25A3F73C002C1D6B /* Products */,
				286C889F25A441FB002C1D6B /* Frameworks */,
			);
			sourceTree = "<group>";
		};
		286C87EC25A3F73C002C1D6B /* Products */ = {
			isa = PBXGroup;
			children = (
				286C87EB25A3F73C002C1D6B /* BeeKit.app */,
				286C880125A3F73F002C1D6B /* BeeKitTests.xctest */,
				286C880C25A3F73F002C1D6B /* BeeKitUITests.xctest */,
			);
			name = Products;
			sourceTree = "<group>";
		};
		286C87ED25A3F73C002C1D6B /* BeeKit */ = {
			isa = PBXGroup;
			children = (
				286C889625A43CB3002C1D6B /* Model */,
				286C889525A43C62002C1D6B /* Player */,
				286C886D25A40EEC002C1D6B /* View */,
				286C887525A40F7E002C1D6B /* ViewController */,
				286C887125A40F27002C1D6B /* Extension */,
				286C887025A40F10002C1D6B /* Resource */,
				286C886F25A40EFC002C1D6B /* Bee */,
				286C87EE25A3F73C002C1D6B /* AppDelegate.swift */,
			);
			path = BeeKit;
			sourceTree = "<group>";
		};
		286C880425A3F73F002C1D6B /* BeeKitTests */ = {
			isa = PBXGroup;
			children = (
				286C880525A3F73F002C1D6B /* BeeKitTests.swift */,
				286C880725A3F73F002C1D6B /* Info.plist */,
			);
			path = BeeKitTests;
			sourceTree = "<group>";
		};
		286C880F25A3F73F002C1D6B /* BeeKitUITests */ = {
			isa = PBXGroup;
			children = (
				286C881025A3F73F002C1D6B /* BeeKitUITests.swift */,
				286C881225A3F73F002C1D6B /* Info.plist */,
			);
			path = BeeKitUITests;
			sourceTree = "<group>";
		};
		286C886D25A40EEC002C1D6B /* View */ = {
			isa = PBXGroup;
			children = (
				286C886525A40EDE002C1D6B /* SongTableViewCell.swift */,
				286C886625A40EDE002C1D6B /* SongTableViewCell.xib */,
			);
			name = View;
			sourceTree = "<group>";
		};
		286C886F25A40EFC002C1D6B /* Bee */ = {
			isa = PBXGroup;
			children = (
				286C885525A40EBE002C1D6B /* BeeTableViewCell.swift */,
				286C882725A3F9C5002C1D6B /* BeeNavigationController.swift */,
				286C882C25A3F9E8002C1D6B /* BeeTabBarController.swift */,
				286C883125A3FE7D002C1D6B /* BeeViewController.swift */,
				286C885025A40E99002C1D6B /* BeeTableView.swift */,
			);
			name = Bee;
			sourceTree = "<group>";
		};
		286C887025A40F10002C1D6B /* Resource */ = {
			isa = PBXGroup;
			children = (
				286C87F425A3F73C002C1D6B /* Main.storyboard */,
				286C87F725A3F73F002C1D6B /* Assets.xcassets */,
				286C87F925A3F73F002C1D6B /* LaunchScreen.storyboard */,
				286C87FC25A3F73F002C1D6B /* Info.plist */,
			);
			name = Resource;
			sourceTree = "<group>";
		};
		286C887125A40F27002C1D6B /* Extension */ = {
			isa = PBXGroup;
			children = (
				286C884625A406DB002C1D6B /* UIImage+Extension.swift */,
				286C884B25A40D54002C1D6B /* UIColor+Extension.swift */,
			);
			name = Extension;
			sourceTree = "<group>";
		};
		286C887525A40F7E002C1D6B /* ViewController */ = {
			isa = PBXGroup;
			children = (
				286C883625A3FE98002C1D6B /* SongListViewController.swift */,
				286C883B25A3FEDC002C1D6B /* PlayerViewController.swift */,
			);
			name = ViewController;
			sourceTree = "<group>";
		};
		286C889525A43C62002C1D6B /* Player */ = {
			isa = PBXGroup;
			children = (
				286C889025A43C5C002C1D6B /* AssetPlayer.swift */,
				286C888825A43C51002C1D6B /* NowPlayableCommand.swift */,
				286C888725A43C50002C1D6B /* NowPlayableError.swift */,
				286C888925A43C51002C1D6B /* NowPlayableMetadata.swift */,
			);
			name = Player;
			sourceTree = "<group>";
		};
		286C889625A43CB3002C1D6B /* Model */ = {
			isa = PBXGroup;
			children = (
				286C889725A43CC7002C1D6B /* SongModel.swift */,
				286C88D425A4512C002C1D6B /* list.json */,
			);
			name = Model;
			sourceTree = "<group>";
		};
		286C889F25A441FB002C1D6B /* Frameworks */ = {
			isa = PBXGroup;
			children = (
				286C88A625A441FB002C1D6B /* Alamofire.framework */,
				286C88AD25A441FC002C1D6B /* Differentiator.framework */,
				286C88A825A441FB002C1D6B /* Kingfisher.framework */,
				286C88A925A441FB002C1D6B /* Moya.framework */,
				286C88A125A441FB002C1D6B /* ObjectMapper.framework */,
				286C88AA25A441FB002C1D6B /* ReactiveMoya.framework */,
				286C88A725A441FB002C1D6B /* ReactiveSwift.framework */,
				286C88A325A441FB002C1D6B /* Reusable.framework */,
				286C88A225A441FB002C1D6B /* RxBlocking.framework */,
				286C88A025A441FB002C1D6B /* RxCocoa.framework */,
				286C88AB25A441FB002C1D6B /* RxDataSources.framework */,
				286C88A425A441FB002C1D6B /* RxMoya.framework */,
				286C88AC25A441FC002C1D6B /* RxRelay.framework */,
				286C88AE25A441FC002C1D6B /* RxSwift.framework */,
				286C88A525A441FB002C1D6B /* SnapKit.framework */,
			);
			name = Frameworks;
			sourceTree = "<group>";
		};
/* End PBXGroup section */

/* Begin PBXNativeTarget section */
		286C87EA25A3F73C002C1D6B /* BeeKit */ = {
			isa = PBXNativeTarget;
			buildConfigurationList = 286C881525A3F73F002C1D6B /* Build configuration list for PBXNativeTarget "BeeKit" */;
			buildPhases = (
				286C87E725A3F73C002C1D6B /* Sources */,
				286C87E825A3F73C002C1D6B /* Frameworks */,
				286C87E925A3F73C002C1D6B /* Resources */,
				286C88CD25A441FD002C1D6B /* Embed Frameworks */,
			);
			buildRules = (
			);
			dependencies = (
			);
			name = BeeKit;
			productName = BeeKit;
			productReference = 286C87EB25A3F73C002C1D6B /* BeeKit.app */;
			productType = "com.apple.product-type.application";
		};
		286C880025A3F73F002C1D6B /* BeeKitTests */ = {
			isa = PBXNativeTarget;
			buildConfigurationList = 286C881825A3F73F002C1D6B /* Build configuration list for PBXNativeTarget "BeeKitTests" */;
			buildPhases = (
				286C87FD25A3F73F002C1D6B /* Sources */,
				286C87FE25A3F73F002C1D6B /* Frameworks */,
				286C87FF25A3F73F002C1D6B /* Resources */,
			);
			buildRules = (
			);
			dependencies = (
				286C880325A3F73F002C1D6B /* PBXTargetDependency */,
			);
			name = BeeKitTests;
			productName = BeeKitTests;
			productReference = 286C880125A3F73F002C1D6B /* BeeKitTests.xctest */;
			productType = "com.apple.product-type.bundle.unit-test";
		};
		286C880B25A3F73F002C1D6B /* BeeKitUITests */ = {
			isa = PBXNativeTarget;
			buildConfigurationList = 286C881B25A3F73F002C1D6B /* Build configuration list for PBXNativeTarget "BeeKitUITests" */;
			buildPhases = (
				286C880825A3F73F002C1D6B /* Sources */,
				286C880925A3F73F002C1D6B /* Frameworks */,
				286C880A25A3F73F002C1D6B /* Resources */,
			);
			buildRules = (
			);
			dependencies = (
				286C880E25A3F73F002C1D6B /* PBXTargetDependency */,
			);
			name = BeeKitUITests;
			productName = BeeKitUITests;
			productReference = 286C880C25A3F73F002C1D6B /* BeeKitUITests.xctest */;
			productType = "com.apple.product-type.bundle.ui-testing";
		};
/* End PBXNativeTarget section */

/* Begin PBXProject section */
		286C87E325A3F73C002C1D6B /* Project object */ = {
			isa = PBXProject;
			attributes = {
				LastSwiftUpdateCheck = 1230;
				LastUpgradeCheck = 1230;
				ORGANIZATIONNAME = onelcat.github.io;
				TargetAttributes = {
					286C87EA25A3F73C002C1D6B = {
						CreatedOnToolsVersion = 12.3;
					};
					286C880025A3F73F002C1D6B = {
						CreatedOnToolsVersion = 12.3;
						TestTargetID = 286C87EA25A3F73C002C1D6B;
					};
					286C880B25A3F73F002C1D6B = {
						CreatedOnToolsVersion = 12.3;
						TestTargetID = 286C87EA25A3F73C002C1D6B;
					};
				};
			};
			buildConfigurationList = 286C87E625A3F73C002C1D6B /* Build configuration list for PBXProject "BeeKit" */;
			compatibilityVersion = "Xcode 9.3";
			developmentRegion = en;
			hasScannedForEncodings = 0;
			knownRegions = (
				en,
				Base,
				"zh-Hans",
			);
			mainGroup = 286C87E225A3F73C002C1D6B;
			productRefGroup = 286C87EC25A3F73C002C1D6B /* Products */;
			projectDirPath = "";
			projectRoot = "";
			targets = (
				286C87EA25A3F73C002C1D6B /* BeeKit */,
				286C880025A3F73F002C1D6B /* BeeKitTests */,
				286C880B25A3F73F002C1D6B /* BeeKitUITests */,
			);
		};
/* End PBXProject section */

/* Begin PBXResourcesBuildPhase section */
		286C87E925A3F73C002C1D6B /* Resources */ = {
			isa = PBXResourcesBuildPhase;
			buildActionMask = 2147483647;
			files = (
				286C886825A40EDE002C1D6B /* SongTableViewCell.xib in Resources */,
				286C87FB25A3F73F002C1D6B /* LaunchScreen.storyboard in Resources */,
				286C87F825A3F73F002C1D6B /* Assets.xcassets in Resources */,
				286C88D525A4512C002C1D6B /* list.json in Resources */,
				286C87F625A3F73C002C1D6B /* Main.storyboard in Resources */,
			);
			runOnlyForDeploymentPostprocessing = 0;
		};
		286C87FF25A3F73F002C1D6B /* Resources */ = {
			isa = PBXResourcesBuildPhase;
			buildActionMask = 2147483647;
			files = (
			);
			runOnlyForDeploymentPostprocessing = 0;
		};
		286C880A25A3F73F002C1D6B /* Resources */ = {
			isa = PBXResourcesBuildPhase;
			buildActionMask = 2147483647;
			files = (
			);
			runOnlyForDeploymentPostprocessing = 0;
		};
/* End PBXResourcesBuildPhase section */

/* Begin PBXSourcesBuildPhase section */
		286C87E725A3F73C002C1D6B /* Sources */ = {
			isa = PBXSourcesBuildPhase;
			buildActionMask = 2147483647;
			files = (
				286C882D25A3F9E8002C1D6B /* BeeTabBarController.swift in Sources */,
				286C888B25A43C51002C1D6B /* NowPlayableCommand.swift in Sources */,
				286C889825A43CC7002C1D6B /* SongModel.swift in Sources */,
				286C888A25A43C51002C1D6B /* NowPlayableError.swift in Sources */,
				286C884725A406DB002C1D6B /* UIImage+Extension.swift in Sources */,
				286C882825A3F9C5002C1D6B /* BeeNavigationController.swift in Sources */,
				286C886725A40EDE002C1D6B /* SongTableViewCell.swift in Sources */,
				286C883C25A3FEDC002C1D6B /* PlayerViewController.swift in Sources */,
				286C888C25A43C51002C1D6B /* NowPlayableMetadata.swift in Sources */,
				286C885625A40EBE002C1D6B /* BeeTableViewCell.swift in Sources */,
				286C883225A3FE7D002C1D6B /* BeeViewController.swift in Sources */,
				286C87EF25A3F73C002C1D6B /* AppDelegate.swift in Sources */,
				286C883725A3FE98002C1D6B /* SongListViewController.swift in Sources */,
				286C885125A40E99002C1D6B /* BeeTableView.swift in Sources */,
				286C889125A43C5C002C1D6B /* AssetPlayer.swift in Sources */,
				286C884C25A40D54002C1D6B /* UIColor+Extension.swift in Sources */,
			);
			runOnlyForDeploymentPostprocessing = 0;
		};
		286C87FD25A3F73F002C1D6B /* Sources */ = {
			isa = PBXSourcesBuildPhase;
			buildActionMask = 2147483647;
			files = (
				286C880625A3F73F002C1D6B /* BeeKitTests.swift in Sources */,
			);
			runOnlyForDeploymentPostprocessing = 0;
		};
		286C880825A3F73F002C1D6B /* Sources */ = {
			isa = PBXSourcesBuildPhase;
			buildActionMask = 2147483647;
			files = (
				286C881125A3F73F002C1D6B /* BeeKitUITests.swift in Sources */,
			);
			runOnlyForDeploymentPostprocessing = 0;
		};
/* End PBXSourcesBuildPhase section */

/* Begin PBXTargetDependency section */
		286C880325A3F73F002C1D6B /* PBXTargetDependency */ = {
			isa = PBXTargetDependency;
			target = 286C87EA25A3F73C002C1D6B /* BeeKit */;
			targetProxy = 286C880225A3F73F002C1D6B /* PBXContainerItemProxy */;
		};
		286C880E25A3F73F002C1D6B /* PBXTargetDependency */ = {
			isa = PBXTargetDependency;
			target = 286C87EA25A3F73C002C1D6B /* BeeKit */;
			targetProxy = 286C880D25A3F73F002C1D6B /* PBXContainerItemProxy */;
		};
/* End PBXTargetDependency section */

/* Begin PBXVariantGroup section */
		286C87F425A3F73C002C1D6B /* Main.storyboard */ = {
			isa = PBXVariantGroup;
			children = (
				286C87F525A3F73C002C1D6B /* Base */,
				286C887F25A438E2002C1D6B /* zh-Hans */,
			);
			name = Main.storyboard;
			sourceTree = "<group>";
		};
		286C87F925A3F73F002C1D6B /* LaunchScreen.storyboard */ = {
			isa = PBXVariantGroup;
			children = (
				286C87FA25A3F73F002C1D6B /* Base */,
				286C888325A438E2002C1D6B /* zh-Hans */,
			);
			name = LaunchScreen.storyboard;
			sourceTree = "<group>";
		};
/* End PBXVariantGroup section */

/* Begin XCBuildConfiguration section */
		286C881325A3F73F002C1D6B /* Debug */ = {
			isa = XCBuildConfiguration;
			buildSettings = {
				ALWAYS_SEARCH_USER_PATHS = NO;
				CLANG_ANALYZER_LOCALIZABILITY_NONLOCALIZED = YES;
				CLANG_ANALYZER_NONNULL = YES;
				CLANG_ANALYZER_NUMBER_OBJECT_CONVERSION = YES_AGGRESSIVE;
				CLANG_CXX_LANGUAGE_STANDARD = "gnu++14";
				CLANG_CXX_LIBRARY = "libc++";
				CLANG_ENABLE_MODULES = YES;
				CLANG_ENABLE_OBJC_ARC = YES;
				CLANG_ENABLE_OBJC_WEAK = YES;
				CLANG_WARN_BLOCK_CAPTURE_AUTORELEASING = YES;
				CLANG_WARN_BOOL_CONVERSION = YES;
				CLANG_WARN_COMMA = YES;
				CLANG_WARN_CONSTANT_CONVERSION = YES;
				CLANG_WARN_DEPRECATED_OBJC_IMPLEMENTATIONS = YES;
				CLANG_WARN_DIRECT_OBJC_ISA_USAGE = YES_ERROR;
				CLANG_WARN_DOCUMENTATION_COMMENTS = YES;
				CLANG_WARN_EMPTY_BODY = YES;
				CLANG_WARN_ENUM_CONVERSION = YES;
				CLANG_WARN_INFINITE_RECURSION = YES;
				CLANG_WARN_INT_CONVERSION = YES;
				CLANG_WARN_NON_LITERAL_NULL_CONVERSION = YES;
				CLANG_WARN_OBJC_IMPLICIT_RETAIN_SELF = YES;
				CLANG_WARN_OBJC_LITERAL_CONVERSION = YES;
				CLANG_WARN_OBJC_ROOT_CLASS = YES_ERROR;
				CLANG_WARN_QUOTED_INCLUDE_IN_FRAMEWORK_HEADER = YES;
				CLANG_WARN_RANGE_LOOP_ANALYSIS = YES;
				CLANG_WARN_STRICT_PROTOTYPES = YES;
				CLANG_WARN_SUSPICIOUS_MOVE = YES;
				CLANG_WARN_UNGUARDED_AVAILABILITY = YES_AGGRESSIVE;
				CLANG_WARN_UNREACHABLE_CODE = YES;
				CLANG_WARN__DUPLICATE_METHOD_MATCH = YES;
				COPY_PHASE_STRIP = NO;
				DEBUG_INFORMATION_FORMAT = dwarf;
				ENABLE_STRICT_OBJC_MSGSEND = YES;
				ENABLE_TESTABILITY = YES;
				GCC_C_LANGUAGE_STANDARD = gnu11;
				GCC_DYNAMIC_NO_PIC = NO;
				GCC_NO_COMMON_BLOCKS = YES;
				GCC_OPTIMIZATION_LEVEL = 0;
				GCC_PREPROCESSOR_DEFINITIONS = (
					"DEBUG=1",
					"$(inherited)",
				);
				GCC_WARN_64_TO_32_BIT_CONVERSION = YES;
				GCC_WARN_ABOUT_RETURN_TYPE = YES_ERROR;
				GCC_WARN_UNDECLARED_SELECTOR = YES;
				GCC_WARN_UNINITIALIZED_AUTOS = YES_AGGRESSIVE;
				GCC_WARN_UNUSED_FUNCTION = YES;
				GCC_WARN_UNUSED_VARIABLE = YES;
				IPHONEOS_DEPLOYMENT_TARGET = 10.0;
				MTL_ENABLE_DEBUG_INFO = INCLUDE_SOURCE;
				MTL_FAST_MATH = YES;
				ONLY_ACTIVE_ARCH = YES;
				SDKROOT = iphoneos;
				SWIFT_ACTIVE_COMPILATION_CONDITIONS = DEBUG;
				SWIFT_OPTIMIZATION_LEVEL = "-Onone";
			};
			name = Debug;
		};
		286C881425A3F73F002C1D6B /* Release */ = {
			isa = XCBuildConfiguration;
			buildSettings = {
				ALWAYS_SEARCH_USER_PATHS = NO;
				CLANG_ANALYZER_LOCALIZABILITY_NONLOCALIZED = YES;
				CLANG_ANALYZER_NONNULL = YES;
				CLANG_ANALYZER_NUMBER_OBJECT_CONVERSION = YES_AGGRESSIVE;
				CLANG_CXX_LANGUAGE_STANDARD = "gnu++14";
				CLANG_CXX_LIBRARY = "libc++";
				CLANG_ENABLE_MODULES = YES;
				CLANG_ENABLE_OBJC_ARC = YES;
				CLANG_ENABLE_OBJC_WEAK = YES;
				CLANG_WARN_BLOCK_CAPTURE_AUTORELEASING = YES;
				CLANG_WARN_BOOL_CONVERSION = YES;
				CLANG_WARN_COMMA = YES;
				CLANG_WARN_CONSTANT_CONVERSION = YES;
				CLANG_WARN_DEPRECATED_OBJC_IMPLEMENTATIONS = YES;
				CLANG_WARN_DIRECT_OBJC_ISA_USAGE = YES_ERROR;
				CLANG_WARN_DOCUMENTATION_COMMENTS = YES;
				CLANG_WARN_EMPTY_BODY = YES;
				CLANG_WARN_ENUM_CONVERSION = YES;
				CLANG_WARN_INFINITE_RECURSION = YES;
				CLANG_WARN_INT_CONVERSION = YES;
				CLANG_WARN_NON_LITERAL_NULL_CONVERSION = YES;
				CLANG_WARN_OBJC_IMPLICIT_RETAIN_SELF = YES;
				CLANG_WARN_OBJC_LITERAL_CONVERSION = YES;
				CLANG_WARN_OBJC_ROOT_CLASS = YES_ERROR;
				CLANG_WARN_QUOTED_INCLUDE_IN_FRAMEWORK_HEADER = YES;
				CLANG_WARN_RANGE_LOOP_ANALYSIS = YES;
				CLANG_WARN_STRICT_PROTOTYPES = YES;
				CLANG_WARN_SUSPICIOUS_MOVE = YES;
				CLANG_WARN_UNGUARDED_AVAILABILITY = YES_AGGRESSIVE;
				CLANG_WARN_UNREACHABLE_CODE = YES;
				CLANG_WARN__DUPLICATE_METHOD_MATCH = YES;
				COPY_PHASE_STRIP = NO;
				DEBUG_INFORMATION_FORMAT = "dwarf-with-dsym";
				ENABLE_NS_ASSERTIONS = NO;
				ENABLE_STRICT_OBJC_MSGSEND = YES;
				GCC_C_LANGUAGE_STANDARD = gnu11;
				GCC_NO_COMMON_BLOCKS = YES;
				GCC_WARN_64_TO_32_BIT_CONVERSION = YES;
				GCC_WARN_ABOUT_RETURN_TYPE = YES_ERROR;
				GCC_WARN_UNDECLARED_SELECTOR = YES;
				GCC_WARN_UNINITIALIZED_AUTOS = YES_AGGRESSIVE;
				GCC_WARN_UNUSED_FUNCTION = YES;
				GCC_WARN_UNUSED_VARIABLE = YES;
				IPHONEOS_DEPLOYMENT_TARGET = 10.0;
				MTL_ENABLE_DEBUG_INFO = NO;
				MTL_FAST_MATH = YES;
				SDKROOT = iphoneos;
				SWIFT_COMPILATION_MODE = wholemodule;
				SWIFT_OPTIMIZATION_LEVEL = "-O";
				VALIDATE_PRODUCT = YES;
			};
			name = Release;
		};
		286C881625A3F73F002C1D6B /* Debug */ = {
			isa = XCBuildConfiguration;
			buildSettings = {
				ASSETCATALOG_COMPILER_APPICON_NAME = AppIcon;
				ASSETCATALOG_COMPILER_GLOBAL_ACCENT_COLOR_NAME = AccentColor;
				CODE_SIGN_STYLE = Automatic;
				DEVELOPMENT_TEAM = SRW54YFJJ3;
				FRAMEWORK_SEARCH_PATHS = (
					"$(inherited)",
					"$(PROJECT_DIR)/Carthage/Build/iOS",
				);
				INFOPLIST_FILE = BeeKit/Info.plist;
				IPHONEOS_DEPLOYMENT_TARGET = 10.0;
				LD_RUNPATH_SEARCH_PATHS = (
					"$(inherited)",
					"@executable_path/Frameworks",
				);
				PRODUCT_BUNDLE_IDENTIFIER = onelcat.github.io.BeeKit;
				PRODUCT_NAME = "$(TARGET_NAME)";
				SWIFT_VERSION = 5.0;
				TARGETED_DEVICE_FAMILY = "1,2";
				VALIDATE_PRODUCT = YES;
				VALIDATE_WORKSPACE = YES;
			};
			name = Debug;
		};
		286C881725A3F73F002C1D6B /* Release */ = {
			isa = XCBuildConfiguration;
			buildSettings = {
				ASSETCATALOG_COMPILER_APPICON_NAME = AppIcon;
				ASSETCATALOG_COMPILER_GLOBAL_ACCENT_COLOR_NAME = AccentColor;
				CODE_SIGN_STYLE = Automatic;
				DEVELOPMENT_TEAM = SRW54YFJJ3;
				FRAMEWORK_SEARCH_PATHS = (
					"$(inherited)",
					"$(PROJECT_DIR)/Carthage/Build/iOS",
				);
				INFOPLIST_FILE = BeeKit/Info.plist;
				IPHONEOS_DEPLOYMENT_TARGET = 10.0;
				LD_RUNPATH_SEARCH_PATHS = (
					"$(inherited)",
					"@executable_path/Frameworks",
				);
				PRODUCT_BUNDLE_IDENTIFIER = onelcat.github.io.BeeKit;
				PRODUCT_NAME = "$(TARGET_NAME)";
				SWIFT_VERSION = 5.0;
				TARGETED_DEVICE_FAMILY = "1,2";
				VALIDATE_WORKSPACE = YES;
			};
			name = Release;
		};
		286C881925A3F73F002C1D6B /* Debug */ = {
			isa = XCBuildConfiguration;
			buildSettings = {
				ALWAYS_EMBED_SWIFT_STANDARD_LIBRARIES = YES;
				BUNDLE_LOADER = "$(TEST_HOST)";
				CODE_SIGN_STYLE = Automatic;
				DEVELOPMENT_TEAM = SRW54YFJJ3;
				INFOPLIST_FILE = BeeKitTests/Info.plist;
				IPHONEOS_DEPLOYMENT_TARGET = 14.3;
				LD_RUNPATH_SEARCH_PATHS = (
					"$(inherited)",
					"@executable_path/Frameworks",
					"@loader_path/Frameworks",
				);
				PRODUCT_BUNDLE_IDENTIFIER = onelcat.github.io.BeeKitTests;
				PRODUCT_NAME = "$(TARGET_NAME)";
				SWIFT_VERSION = 5.0;
				TARGETED_DEVICE_FAMILY = "1,2";
				TEST_HOST = "$(BUILT_PRODUCTS_DIR)/BeeKit.app/BeeKit";
			};
			name = Debug;
		};
		286C881A25A3F73F002C1D6B /* Release */ = {
			isa = XCBuildConfiguration;
			buildSettings = {
				ALWAYS_EMBED_SWIFT_STANDARD_LIBRARIES = YES;
				BUNDLE_LOADER = "$(TEST_HOST)";
				CODE_SIGN_STYLE = Automatic;
				DEVELOPMENT_TEAM = SRW54YFJJ3;
				INFOPLIST_FILE = BeeKitTests/Info.plist;
				IPHONEOS_DEPLOYMENT_TARGET = 14.3;
				LD_RUNPATH_SEARCH_PATHS = (
					"$(inherited)",
					"@executable_path/Frameworks",
					"@loader_path/Frameworks",
				);
				PRODUCT_BUNDLE_IDENTIFIER = onelcat.github.io.BeeKitTests;
				PRODUCT_NAME = "$(TARGET_NAME)";
				SWIFT_VERSION = 5.0;
				TARGETED_DEVICE_FAMILY = "1,2";
				TEST_HOST = "$(BUILT_PRODUCTS_DIR)/BeeKit.app/BeeKit";
			};
			name = Release;
		};
		286C881C25A3F73F002C1D6B /* Debug */ = {
			isa = XCBuildConfiguration;
			buildSettings = {
				ALWAYS_EMBED_SWIFT_STANDARD_LIBRARIES = YES;
				CODE_SIGN_STYLE = Automatic;
				DEVELOPMENT_TEAM = SRW54YFJJ3;
				INFOPLIST_FILE = BeeKitUITests/Info.plist;
				LD_RUNPATH_SEARCH_PATHS = (
					"$(inherited)",
					"@executable_path/Frameworks",
					"@loader_path/Frameworks",
				);
				PRODUCT_BUNDLE_IDENTIFIER = onelcat.github.io.BeeKitUITests;
				PRODUCT_NAME = "$(TARGET_NAME)";
				SWIFT_VERSION = 5.0;
				TARGETED_DEVICE_FAMILY = "1,2";
				TEST_TARGET_NAME = BeeKit;
			};
			name = Debug;
		};
		286C881D25A3F73F002C1D6B /* Release */ = {
			isa = XCBuildConfiguration;
			buildSettings = {
				ALWAYS_EMBED_SWIFT_STANDARD_LIBRARIES = YES;
				CODE_SIGN_STYLE = Automatic;
				DEVELOPMENT_TEAM = SRW54YFJJ3;
				INFOPLIST_FILE = BeeKitUITests/Info.plist;
				LD_RUNPATH_SEARCH_PATHS = (
					"$(inherited)",
					"@executable_path/Frameworks",
					"@loader_path/Frameworks",
				);
				PRODUCT_BUNDLE_IDENTIFIER = onelcat.github.io.BeeKitUITests;
				PRODUCT_NAME = "$(TARGET_NAME)";
				SWIFT_VERSION = 5.0;
				TARGETED_DEVICE_FAMILY = "1,2";
				TEST_TARGET_NAME = BeeKit;
			};
			name = Release;
		};
/* End XCBuildConfiguration section */

/* Begin XCConfigurationList section */
		286C87E625A3F73C002C1D6B /* Build configuration list for PBXProject "BeeKit" */ = {
			isa = XCConfigurationList;
			buildConfigurations = (
				286C881325A3F73F002C1D6B /* Debug */,
				286C881425A3F73F002C1D6B /* Release */,
			);
			defaultConfigurationIsVisible = 0;
			defaultConfigurationName = Debug;
		};
		286C881525A3F73F002C1D6B /* Build configuration list for PBXNativeTarget "BeeKit" */ = {
			isa = XCConfigurationList;
			buildConfigurations = (
				286C881625A3F73F002C1D6B /* Debug */,
				286C881725A3F73F002C1D6B /* Release */,
			);
			defaultConfigurationIsVisible = 0;
			defaultConfigurationName = Debug;
		};
		286C881825A3F73F002C1D6B /* Build configuration list for PBXNativeTarget "BeeKitTests" */ = {
			isa = XCConfigurationList;
			buildConfigurations = (
				286C881925A3F73F002C1D6B /* Debug */,
				286C881A25A3F73F002C1D6B /* Release */,
			);
			defaultConfigurationIsVisible = 0;
			defaultConfigurationName = Debug;
		};
		286C881B25A3F73F002C1D6B /* Build configuration list for PBXNativeTarget "BeeKitUITests" */ = {
			isa = XCConfigurationList;
			buildConfigurations = (
				286C881C25A3F73F002C1D6B /* Debug */,
				286C881D25A3F73F002C1D6B /* Release */,
			);
			defaultConfigurationIsVisible = 0;
			defaultConfigurationName = Debug;
		};
/* End XCConfigurationList section */
	};
	rootObject = 286C87E325A3F73C002C1D6B /* Project object */;
}
